
Microsoft Visual Studio Solution File, Format Version 12.00
Project("{FAE04EC0-301F-11D3-BF4B-00C04F79EFBC}") = "GivingGifts.WebAPI", "src\GivingGifts.WebAPI\GivingGifts.WebAPI.csproj", "{C67FD982-4B36-45FB-BC81-34941BA08FBD}"
EndProject
Project("{2150E333-8FDC-42A3-9474-1A3956D46DE8}") = "Users", "Users", "{097B9C93-2D1A-493E-97B2-4E80CD3BAB14}"
EndProject
Project("{FAE04EC0-301F-11D3-BF4B-00C04F79EFBC}") = "GivingGifts.Users.Core", "src\GivingGifts.Users\GivingGifts.Users.Core\GivingGifts.Users.Core.csproj", "{C06EE6E5-3B15-423D-865E-243CF309A236}"
EndProject
Project("{2150E333-8FDC-42A3-9474-1A3956D46DE8}") = "Wishlists", "Wishlists", "{B45ED73A-0C17-416B-B74E-4D860EB144F4}"
EndProject
Project("{FAE04EC0-301F-11D3-BF4B-00C04F79EFBC}") = "GivingGifts.Wishlists.Core", "src\GivingGifts.Wishlists\GivingGifts.Wishlists.Core\GivingGifts.Wishlists.Core.csproj", "{53FAAE84-F382-4374-A0EB-E9ADEC5285AA}"
EndProject
Project("{FAE04EC0-301F-11D3-BF4B-00C04F79EFBC}") = "SharedKernel", "src\SharedKernel\SharedKernel.csproj", "{EA2061A9-38C0-4E9B-ACA6-A28AF0FC1753}"
EndProject
Project("{FAE04EC0-301F-11D3-BF4B-00C04F79EFBC}") = "GivingGifts.Users.Infrastructure", "src\GivingGifts.Users\GivingGifts.Users.Infrastructure\GivingGifts.Users.Infrastructure.csproj", "{21734653-48FD-4930-A193-74DBCFD67209}"
EndProject
Project("{FAE04EC0-301F-11D3-BF4B-00C04F79EFBC}") = "GivingGifts.Wishlists.Infrastructure", "src\GivingGifts.Wishlists\GivingGifts.Wishlists.Infrastructure\GivingGifts.Wishlists.Infrastructure.csproj", "{05D46D94-9E61-44FA-AAAD-CC246840E497}"
EndProject
Project("{FAE04EC0-301F-11D3-BF4B-00C04F79EFBC}") = "GivingGifts.Wishlists.UseCases", "src\GivingGifts.Wishlists\GivingGifts.Wishlists.UseCases\GivingGifts.Wishlists.UseCases.csproj", "{47A9530F-0A0E-4C5D-ABD8-E959BAC55BB3}"
EndProject
Project("{FAE04EC0-301F-11D3-BF4B-00C04F79EFBC}") = "GivingGifts.Wishlists.API", "src\GivingGifts.Wishlists\GivingGifts.Wishlists.API\GivingGifts.Wishlists.API.csproj", "{3EC0E5C6-2EAC-4291-99B9-5CA1DF3E5CFF}"
EndProject
Project("{FAE04EC0-301F-11D3-BF4B-00C04F79EFBC}") = "GivingGifts.Users.UseCases", "src\GivingGifts.Users\GivingGifts.Users.UseCases\GivingGifts.Users.UseCases.csproj", "{9B752861-5145-46AA-B17C-77923F80391E}"
EndProject
Global
	GlobalSection(SolutionConfigurationPlatforms) = preSolution
		Debug|Any CPU = Debug|Any CPU
		Release|Any CPU = Release|Any CPU
	EndGlobalSection
	GlobalSection(ProjectConfigurationPlatforms) = postSolution
		{C67FD982-4B36-45FB-BC81-34941BA08FBD}.Debug|Any CPU.ActiveCfg = Debug|Any CPU
		{C67FD982-4B36-45FB-BC81-34941BA08FBD}.Debug|Any CPU.Build.0 = Debug|Any CPU
		{C67FD982-4B36-45FB-BC81-34941BA08FBD}.Release|Any CPU.ActiveCfg = Release|Any CPU
		{C67FD982-4B36-45FB-BC81-34941BA08FBD}.Release|Any CPU.Build.0 = Release|Any CPU
		{C06EE6E5-3B15-423D-865E-243CF309A236}.Debug|Any CPU.ActiveCfg = Debug|Any CPU
		{C06EE6E5-3B15-423D-865E-243CF309A236}.Debug|Any CPU.Build.0 = Debug|Any CPU
		{C06EE6E5-3B15-423D-865E-243CF309A236}.Release|Any CPU.ActiveCfg = Release|Any CPU
		{C06EE6E5-3B15-423D-865E-243CF309A236}.Release|Any CPU.Build.0 = Release|Any CPU
		{53FAAE84-F382-4374-A0EB-E9ADEC5285AA}.Debug|Any CPU.ActiveCfg = Debug|Any CPU
		{53FAAE84-F382-4374-A0EB-E9ADEC5285AA}.Debug|Any CPU.Build.0 = Debug|Any CPU
		{53FAAE84-F382-4374-A0EB-E9ADEC5285AA}.Release|Any CPU.ActiveCfg = Release|Any CPU
		{53FAAE84-F382-4374-A0EB-E9ADEC5285AA}.Release|Any CPU.Build.0 = Release|Any CPU
		{EA2061A9-38C0-4E9B-ACA6-A28AF0FC1753}.Debug|Any CPU.ActiveCfg = Debug|Any CPU
		{EA2061A9-38C0-4E9B-ACA6-A28AF0FC1753}.Debug|Any CPU.Build.0 = Debug|Any CPU
		{EA2061A9-38C0-4E9B-ACA6-A28AF0FC1753}.Release|Any CPU.ActiveCfg = Release|Any CPU
		{EA2061A9-38C0-4E9B-ACA6-A28AF0FC1753}.Release|Any CPU.Build.0 = Release|Any CPU
		{21734653-48FD-4930-A193-74DBCFD67209}.Debug|Any CPU.ActiveCfg = Debug|Any CPU
		{21734653-48FD-4930-A193-74DBCFD67209}.Debug|Any CPU.Build.0 = Debug|Any CPU
		{21734653-48FD-4930-A193-74DBCFD67209}.Release|Any CPU.ActiveCfg = Release|Any CPU
		{21734653-48FD-4930-A193-74DBCFD67209}.Release|Any CPU.Build.0 = Release|Any CPU
		{05D46D94-9E61-44FA-AAAD-CC246840E497}.Debug|Any CPU.ActiveCfg = Debug|Any CPU
		{05D46D94-9E61-44FA-AAAD-CC246840E497}.Debug|Any CPU.Build.0 = Debug|Any CPU
		{05D46D94-9E61-44FA-AAAD-CC246840E497}.Release|Any CPU.ActiveCfg = Release|Any CPU
		{05D46D94-9E61-44FA-AAAD-CC246840E497}.Release|Any CPU.Build.0 = Release|Any CPU
		{47A9530F-0A0E-4C5D-ABD8-E959BAC55BB3}.Debug|Any CPU.ActiveCfg = Debug|Any CPU
		{47A9530F-0A0E-4C5D-ABD8-E959BAC55BB3}.Debug|Any CPU.Build.0 = Debug|Any CPU
		{47A9530F-0A0E-4C5D-ABD8-E959BAC55BB3}.Release|Any CPU.ActiveCfg = Release|Any CPU
		{47A9530F-0A0E-4C5D-ABD8-E959BAC55BB3}.Release|Any CPU.Build.0 = Release|Any CPU
		{3EC0E5C6-2EAC-4291-99B9-5CA1DF3E5CFF}.Debug|Any CPU.ActiveCfg = Debug|Any CPU
		{3EC0E5C6-2EAC-4291-99B9-5CA1DF3E5CFF}.Debug|Any CPU.Build.0 = Debug|Any CPU
		{3EC0E5C6-2EAC-4291-99B9-5CA1DF3E5CFF}.Release|Any CPU.ActiveCfg = Release|Any CPU
		{3EC0E5C6-2EAC-4291-99B9-5CA1DF3E5CFF}.Release|Any CPU.Build.0 = Release|Any CPU
		{9B752861-5145-46AA-B17C-77923F80391E}.Debug|Any CPU.ActiveCfg = Debug|Any CPU
		{9B752861-5145-46AA-B17C-77923F80391E}.Debug|Any CPU.Build.0 = Debug|Any CPU
		{9B752861-5145-46AA-B17C-77923F80391E}.Release|Any CPU.ActiveCfg = Release|Any CPU
		{9B752861-5145-46AA-B17C-77923F80391E}.Release|Any CPU.Build.0 = Release|Any CPU
	EndGlobalSection
	GlobalSection(NestedProjects) = preSolution
		{C06EE6E5-3B15-423D-865E-243CF309A236} = {097B9C93-2D1A-493E-97B2-4E80CD3BAB14}
		{53FAAE84-F382-4374-A0EB-E9ADEC5285AA} = {B45ED73A-0C17-416B-B74E-4D860EB144F4}
		{21734653-48FD-4930-A193-74DBCFD67209} = {097B9C93-2D1A-493E-97B2-4E80CD3BAB14}
		{05D46D94-9E61-44FA-AAAD-CC246840E497} = {B45ED73A-0C17-416B-B74E-4D860EB144F4}
		{47A9530F-0A0E-4C5D-ABD8-E959BAC55BB3} = {B45ED73A-0C17-416B-B74E-4D860EB144F4}
		{3EC0E5C6-2EAC-4291-99B9-5CA1DF3E5CFF} = {B45ED73A-0C17-416B-B74E-4D860EB144F4}
		{9B752861-5145-46AA-B17C-77923F80391E} = {097B9C93-2D1A-493E-97B2-4E80CD3BAB14}
	EndGlobalSection
EndGlobal
